
Microsoft Visual Studio Solution File, Format Version 12.00
Project("{FAE04EC0-301F-11D3-BF4B-00C04F79EFBC}") = "MinimalAPIsDemo", "MinimalAPIsDemo\MinimalAPIsDemo.csproj", "{BFEDEE2E-5B0C-4B7B-BE8F-D67D3B0E614B}"
EndProject
Global
	GlobalSection(SolutionConfigurationPlatforms) = preSolution
		Debug|Any CPU = Debug|Any CPU
		Release|Any CPU = Release|Any CPU
	EndGlobalSection
	GlobalSection(ProjectConfigurationPlatforms) = postSolution
		{BFEDEE2E-5B0C-4B7B-BE8F-D67D3B0E614B}.Debug|Any CPU.ActiveCfg = Debug|Any CPU
		{BFEDEE2E-5B0C-4B7B-BE8F-D67D3B0E614B}.Debug|Any CPU.Build.0 = Debug|Any CPU
		{BFEDEE2E-5B0C-4B7B-BE8F-D67D3B0E614B}.Release|Any CPU.ActiveCfg = Release|Any CPU
		{BFEDEE2E-5B0C-4B7B-BE8F-D67D3B0E614B}.Release|Any CPU.Build.0 = Release|Any CPU
	EndGlobalSection
EndGlobal
